
Microsoft Visual Studio Solution File, Format Version 12.00
# Visual Studio Version 17
VisualStudioVersion = 17.13.35931.197 d17.13
MinimumVisualStudioVersion = 10.0.40219.1
Project("{FAE04EC0-301F-11D3-BF4B-00C04F79EFBC}") = "Alpakit.Automation", "Alpakit.Automation.csproj", "{A777BF44-017F-4E69-916A-A62D06D63556}"
EndProject
Global
	GlobalSection(SolutionConfigurationPlatforms) = preSolution
		Debug|Any CPU = Debug|Any CPU
		Release|Any CPU = Release|Any CPU
	EndGlobalSection
	GlobalSection(ProjectConfigurationPlatforms) = postSolution
		{A777BF44-017F-4E69-916A-A62D06D63556}.Debug|Any CPU.ActiveCfg = Debug|Any CPU
		{A777BF44-017F-4E69-916A-A62D06D63556}.Debug|Any CPU.Build.0 = Debug|Any CPU
		{A777BF44-017F-4E69-916A-A62D06D63556}.Release|Any CPU.ActiveCfg = Release|Any CPU
		{A777BF44-017F-4E69-916A-A62D06D63556}.Release|Any CPU.Build.0 = Release|Any CPU
	EndGlobalSection
	GlobalSection(SolutionProperties) = preSolution
		HideSolutionNode = FALSE
	EndGlobalSection
	GlobalSection(ExtensibilityGlobals) = postSolution
		SolutionGuid = {754B406E-2BDB-4480-9679-C975C12D6896}
	EndGlobalSection
EndGlobal
